
Microsoft Visual Studio Solution File, Format Version 12.00
# Visual Studio Version 17
VisualStudioVersion = 17.5.002.0
MinimumVisualStudioVersion = 10.0.40219.1
Project("{9A19103F-16F7-4668-BE54-9A1E7A4F7556}") = "Exercicio01", "Exercicio01\Exercicio01.csproj", "{C46720FC-8378-4E11-B82F-39A7E349950E}"
EndProject
Project("{9A19103F-16F7-4668-BE54-9A1E7A4F7556}") = "Exercicio02", "Exercicio02\Exercicio02.csproj", "{698858F0-1247-402C-B3C2-C8D09298E849}"
EndProject
Project("{9A19103F-16F7-4668-BE54-9A1E7A4F7556}") = "Exercicio03", "Exercicio03\Exercicio03.csproj", "{D77B3A63-EB52-47F2-BE59-A06DDC022683}"
EndProject
Project("{9A19103F-16F7-4668-BE54-9A1E7A4F7556}") = "Exercicio04", "Exercicio04\Exercicio04.csproj", "{1C567A60-4616-4AAF-9F4F-EA24C3005411}"
EndProject
Project("{9A19103F-16F7-4668-BE54-9A1E7A4F7556}") = "Exercicio05", "Exercicio05\Exercicio05.csproj", "{AB020FE4-942A-4DBA-9330-AD8DE1D341C7}"
EndProject
Project("{9A19103F-16F7-4668-BE54-9A1E7A4F7556}") = "Exercicio06", "Exercicio06\Exercicio06.csproj", "{89779381-FD81-4067-AA65-8AB7E7B37BC8}"
EndProject
Project("{9A19103F-16F7-4668-BE54-9A1E7A4F7556}") = "Exercicio07", "Exercicio07\Exercicio07.csproj", "{30C9244C-342D-41A3-8684-2C2749D22698}"
EndProject
Global
	GlobalSection(SolutionConfigurationPlatforms) = preSolution
		Debug|Any CPU = Debug|Any CPU
		Release|Any CPU = Release|Any CPU
	EndGlobalSection
	GlobalSection(ProjectConfigurationPlatforms) = postSolution
		{C46720FC-8378-4E11-B82F-39A7E349950E}.Debug|Any CPU.ActiveCfg = Debug|Any CPU
		{C46720FC-8378-4E11-B82F-39A7E349950E}.Debug|Any CPU.Build.0 = Debug|Any CPU
		{C46720FC-8378-4E11-B82F-39A7E349950E}.Release|Any CPU.ActiveCfg = Release|Any CPU
		{C46720FC-8378-4E11-B82F-39A7E349950E}.Release|Any CPU.Build.0 = Release|Any CPU
		{698858F0-1247-402C-B3C2-C8D09298E849}.Debug|Any CPU.ActiveCfg = Debug|Any CPU
		{698858F0-1247-402C-B3C2-C8D09298E849}.Debug|Any CPU.Build.0 = Debug|Any CPU
		{698858F0-1247-402C-B3C2-C8D09298E849}.Release|Any CPU.ActiveCfg = Release|Any CPU
		{698858F0-1247-402C-B3C2-C8D09298E849}.Release|Any CPU.Build.0 = Release|Any CPU
		{D77B3A63-EB52-47F2-BE59-A06DDC022683}.Debug|Any CPU.ActiveCfg = Debug|Any CPU
		{D77B3A63-EB52-47F2-BE59-A06DDC022683}.Debug|Any CPU.Build.0 = Debug|Any CPU
		{D77B3A63-EB52-47F2-BE59-A06DDC022683}.Release|Any CPU.ActiveCfg = Release|Any CPU
		{D77B3A63-EB52-47F2-BE59-A06DDC022683}.Release|Any CPU.Build.0 = Release|Any CPU
		{1C567A60-4616-4AAF-9F4F-EA24C3005411}.Debug|Any CPU.ActiveCfg = Debug|Any CPU
		{1C567A60-4616-4AAF-9F4F-EA24C3005411}.Debug|Any CPU.Build.0 = Debug|Any CPU
		{1C567A60-4616-4AAF-9F4F-EA24C3005411}.Release|Any CPU.ActiveCfg = Release|Any CPU
		{1C567A60-4616-4AAF-9F4F-EA24C3005411}.Release|Any CPU.Build.0 = Release|Any CPU
		{AB020FE4-942A-4DBA-9330-AD8DE1D341C7}.Debug|Any CPU.ActiveCfg = Debug|Any CPU
		{AB020FE4-942A-4DBA-9330-AD8DE1D341C7}.Debug|Any CPU.Build.0 = Debug|Any CPU
		{AB020FE4-942A-4DBA-9330-AD8DE1D341C7}.Release|Any CPU.ActiveCfg = Release|Any CPU
		{AB020FE4-942A-4DBA-9330-AD8DE1D341C7}.Release|Any CPU.Build.0 = Release|Any CPU
		{89779381-FD81-4067-AA65-8AB7E7B37BC8}.Debug|Any CPU.ActiveCfg = Debug|Any CPU
		{89779381-FD81-4067-AA65-8AB7E7B37BC8}.Debug|Any CPU.Build.0 = Debug|Any CPU
		{89779381-FD81-4067-AA65-8AB7E7B37BC8}.Release|Any CPU.ActiveCfg = Release|Any CPU
		{89779381-FD81-4067-AA65-8AB7E7B37BC8}.Release|Any CPU.Build.0 = Release|Any CPU
		{30C9244C-342D-41A3-8684-2C2749D22698}.Debug|Any CPU.ActiveCfg = Debug|Any CPU
		{30C9244C-342D-41A3-8684-2C2749D22698}.Debug|Any CPU.Build.0 = Debug|Any CPU
		{30C9244C-342D-41A3-8684-2C2749D22698}.Release|Any CPU.ActiveCfg = Release|Any CPU
		{30C9244C-342D-41A3-8684-2C2749D22698}.Release|Any CPU.Build.0 = Release|Any CPU
	EndGlobalSection
	GlobalSection(SolutionProperties) = preSolution
		HideSolutionNode = FALSE
	EndGlobalSection
	GlobalSection(ExtensibilityGlobals) = postSolution
		SolutionGuid = {B3E332A9-7715-450A-B359-F66835A79925}
	EndGlobalSection
EndGlobal
